// !$*UTF8*$!
{
	archiveVersion = 1;
	classes = {
	};
	objectVersion = 77;
	objects = {

/* Begin PBXContainerItemProxy section */
		F70500D62D639706004E2734 /* PBXContainerItemProxy */ = {
			isa = PBXContainerItemProxy;
			containerPortal = F70500BD2D639705004E2734 /* Project object */;
			proxyType = 1;
			remoteGlobalIDString = F70500C42D639705004E2734;
			remoteInfo = "HRM Display";
		};
		F70500E02D639706004E2734 /* PBXContainerItemProxy */ = {
			isa = PBXContainerItemProxy;
			containerPortal = F70500BD2D639705004E2734 /* Project object */;
			proxyType = 1;
			remoteGlobalIDString = F70500C42D639705004E2734;
			remoteInfo = "HRM Display";
		};
/* End PBXContainerItemProxy section */

/* Begin PBXFileReference section */
		F70500C52D639705004E2734 /* HRM Display.app */ = {isa = PBXFileReference; explicitFileType = wrapper.application; includeInIndex = 0; path = "HRM Display.app"; sourceTree = BUILT_PRODUCTS_DIR; };
		F70500D52D639706004E2734 /* HRM DisplayTests.xctest */ = {isa = PBXFileReference; explicitFileType = wrapper.cfbundle; includeInIndex = 0; path = "HRM DisplayTests.xctest"; sourceTree = BUILT_PRODUCTS_DIR; };
		F70500DF2D639706004E2734 /* HRM DisplayUITests.xctest */ = {isa = PBXFileReference; explicitFileType = wrapper.cfbundle; includeInIndex = 0; path = "HRM DisplayUITests.xctest"; sourceTree = BUILT_PRODUCTS_DIR; };
/* End PBXFileReference section */

/* Begin PBXFileSystemSynchronizedRootGroup section */
		F70500C72D639705004E2734 /* HRM Display */ = {
			isa = PBXFileSystemSynchronizedRootGroup;
			path = "HRM Display";
			sourceTree = "<group>";
		};
		F70500D82D639706004E2734 /* HRM DisplayTests */ = {
			isa = PBXFileSystemSynchronizedRootGroup;
			path = "HRM DisplayTests";
			sourceTree = "<group>";
		};
		F70500E22D639706004E2734 /* HRM DisplayUITests */ = {
			isa = PBXFileSystemSynchronizedRootGroup;
			path = "HRM DisplayUITests";
			sourceTree = "<group>";
		};
/* End PBXFileSystemSynchronizedRootGroup section */

/* Begin PBXFrameworksBuildPhase section */
		F70500C22D639705004E2734 /* Frameworks */ = {
			isa = PBXFrameworksBuildPhase;
			buildActionMask = 2147483647;
			files = (
			);
			runOnlyForDeploymentPostprocessing = 0;
		};
		F70500D22D639706004E2734 /* Frameworks */ = {
			isa = PBXFrameworksBuildPhase;
			buildActionMask = 2147483647;
			files = (
			);
			runOnlyForDeploymentPostprocessing = 0;
		};
		F70500DC2D639706004E2734 /* Frameworks */ = {
			isa = PBXFrameworksBuildPhase;
			buildActionMask = 2147483647;
			files = (
			);
			runOnlyForDeploymentPostprocessing = 0;
		};
/* End PBXFrameworksBuildPhase section */

/* Begin PBXGroup section */
		F70500BC2D639705004E2734 = {
			isa = PBXGroup;
			children = (
				F70500C72D639705004E2734 /* HRM Display */,
				F70500D82D639706004E2734 /* HRM DisplayTests */,
				F70500E22D639706004E2734 /* HRM DisplayUITests */,
				F70500C62D639705004E2734 /* Products */,
			);
			sourceTree = "<group>";
		};
		F70500C62D639705004E2734 /* Products */ = {
			isa = PBXGroup;
			children = (
				F70500C52D639705004E2734 /* HRM Display.app */,
				F70500D52D639706004E2734 /* HRM DisplayTests.xctest */,
				F70500DF2D639706004E2734 /* HRM DisplayUITests.xctest */,
			);
			name = Products;
			sourceTree = "<group>";
		};
/* End PBXGroup section */

/* Begin PBXNativeTarget section */
		F70500C42D639705004E2734 /* HRM Display */ = {
			isa = PBXNativeTarget;
			buildConfigurationList = F70500E92D639706004E2734 /* Build configuration list for PBXNativeTarget "HRM Display" */;
			buildPhases = (
				F70500C12D639705004E2734 /* Sources */,
				F70500C22D639705004E2734 /* Frameworks */,
				F70500C32D639705004E2734 /* Resources */,
			);
			buildRules = (
			);
			dependencies = (
			);
			fileSystemSynchronizedGroups = (
				F70500C72D639705004E2734 /* HRM Display */,
			);
			name = "HRM Display";
			packageProductDependencies = (
			);
			productName = "HRM Display";
			productReference = F70500C52D639705004E2734 /* HRM Display.app */;
			productType = "com.apple.product-type.application";
		};
		F70500D42D639706004E2734 /* HRM DisplayTests */ = {
			isa = PBXNativeTarget;
			buildConfigurationList = F70500EC2D639706004E2734 /* Build configuration list for PBXNativeTarget "HRM DisplayTests" */;
			buildPhases = (
				F70500D12D639706004E2734 /* Sources */,
				F70500D22D639706004E2734 /* Frameworks */,
				F70500D32D639706004E2734 /* Resources */,
			);
			buildRules = (
			);
			dependencies = (
				F70500D72D639706004E2734 /* PBXTargetDependency */,
			);
			fileSystemSynchronizedGroups = (
				F70500D82D639706004E2734 /* HRM DisplayTests */,
			);
			name = "HRM DisplayTests";
			packageProductDependencies = (
			);
			productName = "HRM DisplayTests";
			productReference = F70500D52D639706004E2734 /* HRM DisplayTests.xctest */;
			productType = "com.apple.product-type.bundle.unit-test";
		};
		F70500DE2D639706004E2734 /* HRM DisplayUITests */ = {
			isa = PBXNativeTarget;
			buildConfigurationList = F70500EF2D639706004E2734 /* Build configuration list for PBXNativeTarget "HRM DisplayUITests" */;
			buildPhases = (
				F70500DB2D639706004E2734 /* Sources */,
				F70500DC2D639706004E2734 /* Frameworks */,
				F70500DD2D639706004E2734 /* Resources */,
			);
			buildRules = (
			);
			dependencies = (
				F70500E12D639706004E2734 /* PBXTargetDependency */,
			);
			fileSystemSynchronizedGroups = (
				F70500E22D639706004E2734 /* HRM DisplayUITests */,
			);
			name = "HRM DisplayUITests";
			packageProductDependencies = (
			);
			productName = "HRM DisplayUITests";
			productReference = F70500DF2D639706004E2734 /* HRM DisplayUITests.xctest */;
			productType = "com.apple.product-type.bundle.ui-testing";
		};
/* End PBXNativeTarget section */

/* Begin PBXProject section */
		F70500BD2D639705004E2734 /* Project object */ = {
			isa = PBXProject;
			attributes = {
				BuildIndependentTargetsInParallel = 1;
				LastSwiftUpdateCheck = 1620;
				LastUpgradeCheck = 1620;
				TargetAttributes = {
					F70500C42D639705004E2734 = {
						CreatedOnToolsVersion = 16.2;
					};
					F70500D42D639706004E2734 = {
						CreatedOnToolsVersion = 16.2;
						TestTargetID = F70500C42D639705004E2734;
					};
					F70500DE2D639706004E2734 = {
						CreatedOnToolsVersion = 16.2;
						TestTargetID = F70500C42D639705004E2734;
					};
				};
			};
			buildConfigurationList = F70500C02D639705004E2734 /* Build configuration list for PBXProject "HRM Display" */;
			developmentRegion = en;
			hasScannedForEncodings = 0;
			knownRegions = (
				en,
				Base,
			);
			mainGroup = F70500BC2D639705004E2734;
			minimizedProjectReferenceProxies = 1;
			preferredProjectObjectVersion = 77;
			productRefGroup = F70500C62D639705004E2734 /* Products */;
			projectDirPath = "";
			projectRoot = "";
			targets = (
				F70500C42D639705004E2734 /* HRM Display */,
				F70500D42D639706004E2734 /* HRM DisplayTests */,
				F70500DE2D639706004E2734 /* HRM DisplayUITests */,
			);
		};
/* End PBXProject section */

/* Begin PBXResourcesBuildPhase section */
		F70500C32D639705004E2734 /* Resources */ = {
			isa = PBXResourcesBuildPhase;
			buildActionMask = 2147483647;
			files = (
			);
			runOnlyForDeploymentPostprocessing = 0;
		};
		F70500D32D639706004E2734 /* Resources */ = {
			isa = PBXResourcesBuildPhase;
			buildActionMask = 2147483647;
			files = (
			);
			runOnlyForDeploymentPostprocessing = 0;
		};
		F70500DD2D639706004E2734 /* Resources */ = {
			isa = PBXResourcesBuildPhase;
			buildActionMask = 2147483647;
			files = (
			);
			runOnlyForDeploymentPostprocessing = 0;
		};
/* End PBXResourcesBuildPhase section */

/* Begin PBXSourcesBuildPhase section */
		F70500C12D639705004E2734 /* Sources */ = {
			isa = PBXSourcesBuildPhase;
			buildActionMask = 2147483647;
			files = (
			);
			runOnlyForDeploymentPostprocessing = 0;
		};
		F70500D12D639706004E2734 /* Sources */ = {
			isa = PBXSourcesBuildPhase;
			buildActionMask = 2147483647;
			files = (
			);
			runOnlyForDeploymentPostprocessing = 0;
		};
		F70500DB2D639706004E2734 /* Sources */ = {
			isa = PBXSourcesBuildPhase;
			buildActionMask = 2147483647;
			files = (
			);
			runOnlyForDeploymentPostprocessing = 0;
		};
/* End PBXSourcesBuildPhase section */

/* Begin PBXTargetDependency section */
		F70500D72D639706004E2734 /* PBXTargetDependency */ = {
			isa = PBXTargetDependency;
			target = F70500C42D639705004E2734 /* HRM Display */;
			targetProxy = F70500D62D639706004E2734 /* PBXContainerItemProxy */;
		};
		F70500E12D639706004E2734 /* PBXTargetDependency */ = {
			isa = PBXTargetDependency;
			target = F70500C42D639705004E2734 /* HRM Display */;
			targetProxy = F70500E02D639706004E2734 /* PBXContainerItemProxy */;
		};
/* End PBXTargetDependency section */

/* Begin XCBuildConfiguration section */
		F70500E72D639706004E2734 /* Debug */ = {
			isa = XCBuildConfiguration;
			buildSettings = {
				ALWAYS_SEARCH_USER_PATHS = NO;
				ASSETCATALOG_COMPILER_GENERATE_SWIFT_ASSET_SYMBOL_EXTENSIONS = YES;
				CLANG_ANALYZER_NONNULL = YES;
				CLANG_ANALYZER_NUMBER_OBJECT_CONVERSION = YES_AGGRESSIVE;
				CLANG_CXX_LANGUAGE_STANDARD = "gnu++20";
				CLANG_ENABLE_MODULES = YES;
				CLANG_ENABLE_OBJC_ARC = YES;
				CLANG_ENABLE_OBJC_WEAK = YES;
				CLANG_WARN_BLOCK_CAPTURE_AUTORELEASING = YES;
				CLANG_WARN_BOOL_CONVERSION = YES;
				CLANG_WARN_COMMA = YES;
				CLANG_WARN_CONSTANT_CONVERSION = YES;
				CLANG_WARN_DEPRECATED_OBJC_IMPLEMENTATIONS = YES;
				CLANG_WARN_DIRECT_OBJC_ISA_USAGE = YES_ERROR;
				CLANG_WARN_DOCUMENTATION_COMMENTS = YES;
				CLANG_WARN_EMPTY_BODY = YES;
				CLANG_WARN_ENUM_CONVERSION = YES;
				CLANG_WARN_INFINITE_RECURSION = YES;
				CLANG_WARN_INT_CONVERSION = YES;
				CLANG_WARN_NON_LITERAL_NULL_CONVERSION = YES;
				CLANG_WARN_OBJC_IMPLICIT_RETAIN_SELF = YES;
				CLANG_WARN_OBJC_LITERAL_CONVERSION = YES;
				CLANG_WARN_OBJC_ROOT_CLASS = YES_ERROR;
				CLANG_WARN_QUOTED_INCLUDE_IN_FRAMEWORK_HEADER = YES;
				CLANG_WARN_RANGE_LOOP_ANALYSIS = YES;
				CLANG_WARN_STRICT_PROTOTYPES = YES;
				CLANG_WARN_SUSPICIOUS_MOVE = YES;
				CLANG_WARN_UNGUARDED_AVAILABILITY = YES_AGGRESSIVE;
				CLANG_WARN_UNREACHABLE_CODE = YES;
				CLANG_WARN__DUPLICATE_METHOD_MATCH = YES;
				COPY_PHASE_STRIP = NO;
				DEBUG_INFORMATION_FORMAT = dwarf;
				ENABLE_STRICT_OBJC_MSGSEND = YES;
				ENABLE_TESTABILITY = YES;
				ENABLE_USER_SCRIPT_SANDBOXING = YES;
				GCC_C_LANGUAGE_STANDARD = gnu17;
				GCC_DYNAMIC_NO_PIC = NO;
				GCC_NO_COMMON_BLOCKS = YES;
				GCC_OPTIMIZATION_LEVEL = 0;
				GCC_PREPROCESSOR_DEFINITIONS = (
					"DEBUG=1",
					"$(inherited)",
				);
				GCC_WARN_64_TO_32_BIT_CONVERSION = YES;
				GCC_WARN_ABOUT_RETURN_TYPE = YES_ERROR;
				GCC_WARN_UNDECLARED_SELECTOR = YES;
				GCC_WARN_UNINITIALIZED_AUTOS = YES_AGGRESSIVE;
				GCC_WARN_UNUSED_FUNCTION = YES;
				GCC_WARN_UNUSED_VARIABLE = YES;
				IPHONEOS_DEPLOYMENT_TARGET = 18.2;
				LOCALIZATION_PREFERS_STRING_CATALOGS = YES;
				MTL_ENABLE_DEBUG_INFO = INCLUDE_SOURCE;
				MTL_FAST_MATH = YES;
				ONLY_ACTIVE_ARCH = YES;
				SDKROOT = iphoneos;
				SWIFT_ACTIVE_COMPILATION_CONDITIONS = "DEBUG $(inherited)";
				SWIFT_OPTIMIZATION_LEVEL = "-Onone";
			};
			name = Debug;
		};
		F70500E82D639706004E2734 /* Release */ = {
			isa = XCBuildConfiguration;
			buildSettings = {
				ALWAYS_SEARCH_USER_PATHS = NO;
				ASSETCATALOG_COMPILER_GENERATE_SWIFT_ASSET_SYMBOL_EXTENSIONS = YES;
				CLANG_ANALYZER_NONNULL = YES;
				CLANG_ANALYZER_NUMBER_OBJECT_CONVERSION = YES_AGGRESSIVE;
				CLANG_CXX_LANGUAGE_STANDARD = "gnu++20";
				CLANG_ENABLE_MODULES = YES;
				CLANG_ENABLE_OBJC_ARC = YES;
				CLANG_ENABLE_OBJC_WEAK = YES;
				CLANG_WARN_BLOCK_CAPTURE_AUTORELEASING = YES;
				CLANG_WARN_BOOL_CONVERSION = YES;
				CLANG_WARN_COMMA = YES;
				CLANG_WARN_CONSTANT_CONVERSION = YES;
				CLANG_WARN_DEPRECATED_OBJC_IMPLEMENTATIONS = YES;
				CLANG_WARN_DIRECT_OBJC_ISA_USAGE = YES_ERROR;
				CLANG_WARN_DOCUMENTATION_COMMENTS = YES;
				CLANG_WARN_EMPTY_BODY = YES;
				CLANG_WARN_ENUM_CONVERSION = YES;
				CLANG_WARN_INFINITE_RECURSION = YES;
				CLANG_WARN_INT_CONVERSION = YES;
				CLANG_WARN_NON_LITERAL_NULL_CONVERSION = YES;
				CLANG_WARN_OBJC_IMPLICIT_RETAIN_SELF = YES;
				CLANG_WARN_OBJC_LITERAL_CONVERSION = YES;
				CLANG_WARN_OBJC_ROOT_CLASS = YES_ERROR;
				CLANG_WARN_QUOTED_INCLUDE_IN_FRAMEWORK_HEADER = YES;
				CLANG_WARN_RANGE_LOOP_ANALYSIS = YES;
				CLANG_WARN_STRICT_PROTOTYPES = YES;
				CLANG_WARN_SUSPICIOUS_MOVE = YES;
				CLANG_WARN_UNGUARDED_AVAILABILITY = YES_AGGRESSIVE;
				CLANG_WARN_UNREACHABLE_CODE = YES;
				CLANG_WARN__DUPLICATE_METHOD_MATCH = YES;
				COPY_PHASE_STRIP = NO;
				DEBUG_INFORMATION_FORMAT = "dwarf-with-dsym";
				ENABLE_NS_ASSERTIONS = NO;
				ENABLE_STRICT_OBJC_MSGSEND = YES;
				ENABLE_USER_SCRIPT_SANDBOXING = YES;
				GCC_C_LANGUAGE_STANDARD = gnu17;
				GCC_NO_COMMON_BLOCKS = YES;
				GCC_WARN_64_TO_32_BIT_CONVERSION = YES;
				GCC_WARN_ABOUT_RETURN_TYPE = YES_ERROR;
				GCC_WARN_UNDECLARED_SELECTOR = YES;
				GCC_WARN_UNINITIALIZED_AUTOS = YES_AGGRESSIVE;
				GCC_WARN_UNUSED_FUNCTION = YES;
				GCC_WARN_UNUSED_VARIABLE = YES;
				IPHONEOS_DEPLOYMENT_TARGET = 18.2;
				LOCALIZATION_PREFERS_STRING_CATALOGS = YES;
				MTL_ENABLE_DEBUG_INFO = NO;
				MTL_FAST_MATH = YES;
				SDKROOT = iphoneos;
				SWIFT_COMPILATION_MODE = wholemodule;
				VALIDATE_PRODUCT = YES;
			};
			name = Release;
		};
		F70500EA2D639706004E2734 /* Debug */ = {
			isa = XCBuildConfiguration;
			buildSettings = {
				ASSETCATALOG_COMPILER_APPICON_NAME = AppIcon;
				ASSETCATALOG_COMPILER_GLOBAL_ACCENT_COLOR_NAME = AccentColor;
				CODE_SIGN_STYLE = Automatic;
				CURRENT_PROJECT_VERSION = 1;
				DEVELOPMENT_ASSET_PATHS = "\"HRM Display/Preview Content\"";
				DEVELOPMENT_TEAM = HTQGY7GCK4;
				ENABLE_PREVIEWS = YES;
				GENERATE_INFOPLIST_FILE = YES;
				INFOPLIST_KEY_UIApplicationSceneManifest_Generation = YES;
				INFOPLIST_KEY_UIApplicationSupportsIndirectInputEvents = YES;
				INFOPLIST_KEY_UILaunchScreen_Generation = YES;
				INFOPLIST_KEY_UISupportedInterfaceOrientations_iPad = "UIInterfaceOrientationPortrait UIInterfaceOrientationPortraitUpsideDown UIInterfaceOrientationLandscapeLeft UIInterfaceOrientationLandscapeRight";
				INFOPLIST_KEY_UISupportedInterfaceOrientations_iPhone = "UIInterfaceOrientationPortrait UIInterfaceOrientationLandscapeLeft UIInterfaceOrientationLandscapeRight";
				LD_RUNPATH_SEARCH_PATHS = (
					"$(inherited)",
					"@executable_path/Frameworks",
				);
				MARKETING_VERSION = 1.0;
				PRODUCT_BUNDLE_IDENTIFIER = "com.collinsinclair.HRM-Display";
				PRODUCT_NAME = "$(TARGET_NAME)";
				SWIFT_EMIT_LOC_STRINGS = YES;
				SWIFT_VERSION = 5.0;
				TARGETED_DEVICE_FAMILY = "1,2";
			};
			name = Debug;
		};
		F70500EB2D639706004E2734 /* Release */ = {
			isa = XCBuildConfiguration;
			buildSettings = {
				ASSETCATALOG_COMPILER_APPICON_NAME = AppIcon;
				ASSETCATALOG_COMPILER_GLOBAL_ACCENT_COLOR_NAME = AccentColor;
				CODE_SIGN_STYLE = Automatic;
				CURRENT_PROJECT_VERSION = 1;
				DEVELOPMENT_ASSET_PATHS = "\"HRM Display/Preview Content\"";
				DEVELOPMENT_TEAM = HTQGY7GCK4;
				ENABLE_PREVIEWS = YES;
				GENERATE_INFOPLIST_FILE = YES;
				INFOPLIST_KEY_UIApplicationSceneManifest_Generation = YES;
				INFOPLIST_KEY_UIApplicationSupportsIndirectInputEvents = YES;
				INFOPLIST_KEY_UILaunchScreen_Generation = YES;
				INFOPLIST_KEY_UISupportedInterfaceOrientations_iPad = "UIInterfaceOrientationPortrait UIInterfaceOrientationPortraitUpsideDown UIInterfaceOrientationLandscapeLeft UIInterfaceOrientationLandscapeRight";
				INFOPLIST_KEY_UISupportedInterfaceOrientations_iPhone = "UIInterfaceOrientationPortrait UIInterfaceOrientationLandscapeLeft UIInterfaceOrientationLandscapeRight";
				LD_RUNPATH_SEARCH_PATHS = (
					"$(inherited)",
					"@executable_path/Frameworks",
				);
				MARKETING_VERSION = 1.0;
				PRODUCT_BUNDLE_IDENTIFIER = "com.collinsinclair.HRM-Display";
				PRODUCT_NAME = "$(TARGET_NAME)";
				SWIFT_EMIT_LOC_STRINGS = YES;
				SWIFT_VERSION = 5.0;
				TARGETED_DEVICE_FAMILY = "1,2";
			};
			name = Release;
		};
		F70500ED2D639706004E2734 /* Debug */ = {
			isa = XCBuildConfiguration;
			buildSettings = {
				BUNDLE_LOADER = "$(TEST_HOST)";
				CODE_SIGN_STYLE = Automatic;
				CURRENT_PROJECT_VERSION = 1;
				DEVELOPMENT_TEAM = HTQGY7GCK4;
				GENERATE_INFOPLIST_FILE = YES;
				IPHONEOS_DEPLOYMENT_TARGET = 18.2;
				MARKETING_VERSION = 1.0;
				PRODUCT_BUNDLE_IDENTIFIER = "com.collinsinclair.HRM-DisplayTests";
				PRODUCT_NAME = "$(TARGET_NAME)";
				SWIFT_EMIT_LOC_STRINGS = NO;
				SWIFT_VERSION = 5.0;
				TARGETED_DEVICE_FAMILY = "1,2";
				TEST_HOST = "$(BUILT_PRODUCTS_DIR)/HRM Display.app/$(BUNDLE_EXECUTABLE_FOLDER_PATH)/HRM Display";
			};
			name = Debug;
		};
		F70500EE2D639706004E2734 /* Release */ = {
			isa = XCBuildConfiguration;
			buildSettings = {
				BUNDLE_LOADER = "$(TEST_HOST)";
				CODE_SIGN_STYLE = Automatic;
				CURRENT_PROJECT_VERSION = 1;
				DEVELOPMENT_TEAM = HTQGY7GCK4;
				GENERATE_INFOPLIST_FILE = YES;
				IPHONEOS_DEPLOYMENT_TARGET = 18.2;
				MARKETING_VERSION = 1.0;
				PRODUCT_BUNDLE_IDENTIFIER = "com.collinsinclair.HRM-DisplayTests";
				PRODUCT_NAME = "$(TARGET_NAME)";
				SWIFT_EMIT_LOC_STRINGS = NO;
				SWIFT_VERSION = 5.0;
				TARGETED_DEVICE_FAMILY = "1,2";
				TEST_HOST = "$(BUILT_PRODUCTS_DIR)/HRM Display.app/$(BUNDLE_EXECUTABLE_FOLDER_PATH)/HRM Display";
			};
			name = Release;
		};
		F70500F02D639706004E2734 /* Debug */ = {
			isa = XCBuildConfiguration;
			buildSettings = {
				CODE_SIGN_STYLE = Automatic;
				CURRENT_PROJECT_VERSION = 1;
				DEVELOPMENT_TEAM = HTQGY7GCK4;
				GENERATE_INFOPLIST_FILE = YES;
				MARKETING_VERSION = 1.0;
				PRODUCT_BUNDLE_IDENTIFIER = "com.collinsinclair.HRM-DisplayUITests";
				PRODUCT_NAME = "$(TARGET_NAME)";
				SWIFT_EMIT_LOC_STRINGS = NO;
				SWIFT_VERSION = 5.0;
				TARGETED_DEVICE_FAMILY = "1,2";
				TEST_TARGET_NAME = "HRM Display";
			};
			name = Debug;
		};
		F70500F12D639706004E2734 /* Release */ = {
			isa = XCBuildConfiguration;
			buildSettings = {
				CODE_SIGN_STYLE = Automatic;
				CURRENT_PROJECT_VERSION = 1;
				DEVELOPMENT_TEAM = HTQGY7GCK4;
				GENERATE_INFOPLIST_FILE = YES;
				MARKETING_VERSION = 1.0;
				PRODUCT_BUNDLE_IDENTIFIER = "com.collinsinclair.HRM-DisplayUITests";
				PRODUCT_NAME = "$(TARGET_NAME)";
				SWIFT_EMIT_LOC_STRINGS = NO;
				SWIFT_VERSION = 5.0;
				TARGETED_DEVICE_FAMILY = "1,2";
				TEST_TARGET_NAME = "HRM Display";
			};
			name = Release;
		};
/* End XCBuildConfiguration section */

/* Begin XCConfigurationList section */
		F70500C02D639705004E2734 /* Build configuration list for PBXProject "HRM Display" */ = {
			isa = XCConfigurationList;
			buildConfigurations = (
				F70500E72D639706004E2734 /* Debug */,
				F70500E82D639706004E2734 /* Release */,
			);
			defaultConfigurationIsVisible = 0;
			defaultConfigurationName = Release;
		};
		F70500E92D639706004E2734 /* Build configuration list for PBXNativeTarget "HRM Display" */ = {
			isa = XCConfigurationList;
			buildConfigurations = (
				F70500EA2D639706004E2734 /* Debug */,
				F70500EB2D639706004E2734 /* Release */,
			);
			defaultConfigurationIsVisible = 0;
			defaultConfigurationName = Release;
		};
		F70500EC2D639706004E2734 /* Build configuration list for PBXNativeTarget "HRM DisplayTests" */ = {
			isa = XCConfigurationList;
			buildConfigurations = (
				F70500ED2D639706004E2734 /* Debug */,
				F70500EE2D639706004E2734 /* Release */,
			);
			defaultConfigurationIsVisible = 0;
			defaultConfigurationName = Release;
		};
		F70500EF2D639706004E2734 /* Build configuration list for PBXNativeTarget "HRM DisplayUITests" */ = {
			isa = XCConfigurationList;
			buildConfigurations = (
				F70500F02D639706004E2734 /* Debug */,
				F70500F12D639706004E2734 /* Release */,
			);
			defaultConfigurationIsVisible = 0;
			defaultConfigurationName = Release;
		};
/* End XCConfigurationList section */
	};
	rootObject = F70500BD2D639705004E2734 /* Project object */;
}
